
Microsoft Visual Studio Solution File, Format Version 12.00
# Visual Studio 14
VisualStudioVersion = 14.0.23107.0
MinimumVisualStudioVersion = 10.0.40219.1
Project("{8BC9CEB8-8B4A-11D0-8D11-00A0C91BC942}") = "AstroLib", "AstroLib\AstroLib.vcxproj", "{7EACEEBD-39A5-4708-8D6C-2AF7275FF08B}"
EndProject
Project("{8BC9CEB8-8B4A-11D0-8D11-00A0C91BC942}") = "Rendezvous", "Rendezvous\Rendezvous.vcxproj", "{F37F360E-93F8-4B96-9EE2-118E9C45FB75}"
	ProjectSection(ProjectDependencies) = postProject
		{7EACEEBD-39A5-4708-8D6C-2AF7275FF08B} = {7EACEEBD-39A5-4708-8D6C-2AF7275FF08B}
	EndProjectSection
EndProject
Project("{8BC9CEB8-8B4A-11D0-8D11-00A0C91BC942}") = "SimDoF6", "SimDoF6\SimDoF6.vcxproj", "{3806E78E-1C97-4A77-AD13-2934BC5C145A}"
	ProjectSection(ProjectDependencies) = postProject
		{7EACEEBD-39A5-4708-8D6C-2AF7275FF08B} = {7EACEEBD-39A5-4708-8D6C-2AF7275FF08B}
	EndProjectSection
EndProject
Project("{8BC9CEB8-8B4A-11D0-8D11-00A0C91BC942}") = "Examples", "Examples\Examples.vcxproj", "{A7D8ACAF-18B7-469D-8C34-77D155E87118}"
	ProjectSection(ProjectDependencies) = postProject
		{7EACEEBD-39A5-4708-8D6C-2AF7275FF08B} = {7EACEEBD-39A5-4708-8D6C-2AF7275FF08B}
	EndProjectSection
EndProject
Project("{8BC9CEB8-8B4A-11D0-8D11-00A0C91BC942}") = "ParallelSim", "ParallelSim\ParallelSim.vcxproj", "{C5BD0DEB-8148-49C6-9000-5077C4A74E6D}"
EndProject
Project("{8BC9CEB8-8B4A-11D0-8D11-00A0C91BC942}") = "MultiRendezvous", "MultiRendezvous\MultiRendezvous.vcxproj", "{BA8DF975-D3D0-4E76-B967-901368AFFE4D}"
	ProjectSection(ProjectDependencies) = postProject
		{7EACEEBD-39A5-4708-8D6C-2AF7275FF08B} = {7EACEEBD-39A5-4708-8D6C-2AF7275FF08B}
	EndProjectSection
EndProject
Project("{8BC9CEB8-8B4A-11D0-8D11-00A0C91BC942}") = "LowOrbitConstellation", "LowOrbitConstellation\LowOrbitConstellation.vcxproj", "{D5554C65-F679-4164-9B19-430A62B1D707}"
EndProject
Project("{8BC9CEB8-8B4A-11D0-8D11-00A0C91BC942}") = "satelliteobservation", "observation stations\dmzgc.vcxproj", "{C9E9D5E8-9957-4971-9E1A-90484340D1C4}"
EndProject
Global
	GlobalSection(SolutionConfigurationPlatforms) = preSolution
		Debug|Win32 = Debug|Win32
		Debug|x64 = Debug|x64
		Release|Win32 = Release|Win32
		Release|x64 = Release|x64
	EndGlobalSection
	GlobalSection(ProjectConfigurationPlatforms) = postSolution
		{7EACEEBD-39A5-4708-8D6C-2AF7275FF08B}.Debug|Win32.ActiveCfg = Debug|Win32
		{7EACEEBD-39A5-4708-8D6C-2AF7275FF08B}.Debug|Win32.Build.0 = Debug|Win32
		{7EACEEBD-39A5-4708-8D6C-2AF7275FF08B}.Debug|x64.ActiveCfg = Debug|x64
		{7EACEEBD-39A5-4708-8D6C-2AF7275FF08B}.Release|Win32.ActiveCfg = Release|Win32
		{7EACEEBD-39A5-4708-8D6C-2AF7275FF08B}.Release|Win32.Build.0 = Release|Win32
		{7EACEEBD-39A5-4708-8D6C-2AF7275FF08B}.Release|x64.ActiveCfg = Release|x64
		{F37F360E-93F8-4B96-9EE2-118E9C45FB75}.Debug|Win32.ActiveCfg = Debug|Win32
		{F37F360E-93F8-4B96-9EE2-118E9C45FB75}.Debug|Win32.Build.0 = Debug|Win32
		{F37F360E-93F8-4B96-9EE2-118E9C45FB75}.Debug|x64.ActiveCfg = Debug|x64
		{F37F360E-93F8-4B96-9EE2-118E9C45FB75}.Debug|x64.Build.0 = Debug|x64
		{F37F360E-93F8-4B96-9EE2-118E9C45FB75}.Release|Win32.ActiveCfg = Release|Win32
		{F37F360E-93F8-4B96-9EE2-118E9C45FB75}.Release|Win32.Build.0 = Release|Win32
		{F37F360E-93F8-4B96-9EE2-118E9C45FB75}.Release|x64.ActiveCfg = Release|x64
		{F37F360E-93F8-4B96-9EE2-118E9C45FB75}.Release|x64.Build.0 = Release|x64
		{3806E78E-1C97-4A77-AD13-2934BC5C145A}.Debug|Win32.ActiveCfg = Debug|Win32
		{3806E78E-1C97-4A77-AD13-2934BC5C145A}.Debug|Win32.Build.0 = Debug|Win32
		{3806E78E-1C97-4A77-AD13-2934BC5C145A}.Debug|x64.ActiveCfg = Debug|x64
		{3806E78E-1C97-4A77-AD13-2934BC5C145A}.Release|Win32.ActiveCfg = Release|Win32
		{3806E78E-1C97-4A77-AD13-2934BC5C145A}.Release|Win32.Build.0 = Release|Win32
		{3806E78E-1C97-4A77-AD13-2934BC5C145A}.Release|x64.ActiveCfg = Release|x64
		{A7D8ACAF-18B7-469D-8C34-77D155E87118}.Debug|Win32.ActiveCfg = Debug|Win32
		{A7D8ACAF-18B7-469D-8C34-77D155E87118}.Debug|Win32.Build.0 = Debug|Win32
		{A7D8ACAF-18B7-469D-8C34-77D155E87118}.Debug|x64.ActiveCfg = Debug|x64
		{A7D8ACAF-18B7-469D-8C34-77D155E87118}.Debug|x64.Build.0 = Debug|x64
		{A7D8ACAF-18B7-469D-8C34-77D155E87118}.Release|Win32.ActiveCfg = Release|Win32
		{A7D8ACAF-18B7-469D-8C34-77D155E87118}.Release|Win32.Build.0 = Release|Win32
		{A7D8ACAF-18B7-469D-8C34-77D155E87118}.Release|x64.ActiveCfg = Release|x64
		{A7D8ACAF-18B7-469D-8C34-77D155E87118}.Release|x64.Build.0 = Release|x64
		{C5BD0DEB-8148-49C6-9000-5077C4A74E6D}.Debug|Win32.ActiveCfg = Debug|Win32
		{C5BD0DEB-8148-49C6-9000-5077C4A74E6D}.Debug|Win32.Build.0 = Debug|Win32
		{C5BD0DEB-8148-49C6-9000-5077C4A74E6D}.Debug|x64.ActiveCfg = Debug|x64
		{C5BD0DEB-8148-49C6-9000-5077C4A74E6D}.Debug|x64.Build.0 = Debug|x64
		{C5BD0DEB-8148-49C6-9000-5077C4A74E6D}.Release|Win32.ActiveCfg = Release|Win32
		{C5BD0DEB-8148-49C6-9000-5077C4A74E6D}.Release|Win32.Build.0 = Release|Win32
		{C5BD0DEB-8148-49C6-9000-5077C4A74E6D}.Release|x64.ActiveCfg = Release|x64
		{C5BD0DEB-8148-49C6-9000-5077C4A74E6D}.Release|x64.Build.0 = Release|x64
		{BA8DF975-D3D0-4E76-B967-901368AFFE4D}.Debug|Win32.ActiveCfg = Debug|Win32
		{BA8DF975-D3D0-4E76-B967-901368AFFE4D}.Debug|Win32.Build.0 = Debug|Win32
		{BA8DF975-D3D0-4E76-B967-901368AFFE4D}.Debug|x64.ActiveCfg = Debug|x64
		{BA8DF975-D3D0-4E76-B967-901368AFFE4D}.Debug|x64.Build.0 = Debug|x64
		{BA8DF975-D3D0-4E76-B967-901368AFFE4D}.Release|Win32.ActiveCfg = Release|Win32
		{BA8DF975-D3D0-4E76-B967-901368AFFE4D}.Release|Win32.Build.0 = Release|Win32
		{BA8DF975-D3D0-4E76-B967-901368AFFE4D}.Release|x64.ActiveCfg = Release|x64
		{BA8DF975-D3D0-4E76-B967-901368AFFE4D}.Release|x64.Build.0 = Release|x64
		{D5554C65-F679-4164-9B19-430A62B1D707}.Debug|Win32.ActiveCfg = Debug|Win32
		{D5554C65-F679-4164-9B19-430A62B1D707}.Debug|Win32.Build.0 = Debug|Win32
		{D5554C65-F679-4164-9B19-430A62B1D707}.Debug|x64.ActiveCfg = Debug|x64
		{D5554C65-F679-4164-9B19-430A62B1D707}.Debug|x64.Build.0 = Debug|x64
		{D5554C65-F679-4164-9B19-430A62B1D707}.Release|Win32.ActiveCfg = Release|Win32
		{D5554C65-F679-4164-9B19-430A62B1D707}.Release|Win32.Build.0 = Release|Win32
		{D5554C65-F679-4164-9B19-430A62B1D707}.Release|x64.ActiveCfg = Release|x64
		{D5554C65-F679-4164-9B19-430A62B1D707}.Release|x64.Build.0 = Release|x64
		{C9E9D5E8-9957-4971-9E1A-90484340D1C4}.Debug|Win32.ActiveCfg = Debug|Win32
		{C9E9D5E8-9957-4971-9E1A-90484340D1C4}.Debug|Win32.Build.0 = Debug|Win32
		{C9E9D5E8-9957-4971-9E1A-90484340D1C4}.Debug|x64.ActiveCfg = Debug|x64
		{C9E9D5E8-9957-4971-9E1A-90484340D1C4}.Debug|x64.Build.0 = Debug|x64
		{C9E9D5E8-9957-4971-9E1A-90484340D1C4}.Release|Win32.ActiveCfg = Release|Win32
		{C9E9D5E8-9957-4971-9E1A-90484340D1C4}.Release|Win32.Build.0 = Release|Win32
		{C9E9D5E8-9957-4971-9E1A-90484340D1C4}.Release|x64.ActiveCfg = Release|x64
		{C9E9D5E8-9957-4971-9E1A-90484340D1C4}.Release|x64.Build.0 = Release|x64
	EndGlobalSection
	GlobalSection(SolutionProperties) = preSolution
		HideSolutionNode = FALSE
	EndGlobalSection
	GlobalSection(ExtensibilityGlobals) = postSolution
		SolutionGuid = {C41E03FF-4D0A-44DF-AA4B-52A8CED3E8A7}
	EndGlobalSection
EndGlobal
