<?xml version="1.0" encoding="utf-8"?>
<Project ToolsVersion="4.0" xmlns="http://schemas.microsoft.com/developer/msbuild/2003">
  <ItemGroup>
    <Filter Include="Source Files">
      <UniqueIdentifier>{fb381e54-e6ee-444f-87c7-c26bd07ba728}</UniqueIdentifier>
      <Extensions>cpp;c;cxx;rc;def;r;odl;idl;hpj;bat</Extensions>
    </Filter>
    <Filter Include="Header Files">
      <UniqueIdentifier>{af1c9278-c83b-4b59-a9a1-1735fbc3c6aa}</UniqueIdentifier>
      <Extensions>h;hpp;hxx;hm;inl</Extensions>
    </Filter>
  </ItemGroup>
  <ItemGroup>
    <ClCompile Include="AsAttitudeParam.cpp">
      <Filter>Source Files</Filter>
    </ClCompile>
    <ClCompile Include="AsCommon.cpp">
      <Filter>Source Files</Filter>
    </ClCompile>
    <ClCompile Include="AsCoordinate.cpp">
      <Filter>Source Files</Filter>
    </ClCompile>
    <ClCompile Include="AsDResolve.cpp">
      <Filter>Source Files</Filter>
    </ClCompile>
    <ClCompile Include="AsInterpolation.cpp">
      <Filter>Source Files</Filter>
    </ClCompile>
    <ClCompile Include="AsMath.cpp">
      <Filter>Source Files</Filter>
    </ClCompile>
    <ClCompile Include="AsMatrix.cpp">
      <Filter>Source Files</Filter>
    </ClCompile>
    <ClCompile Include="AsOrbitParam.cpp">
      <Filter>Source Files</Filter>
    </ClCompile>
    <ClCompile Include="AsRandom.cpp">
      <Filter>Source Files</Filter>
    </ClCompile>
    <ClCompile Include="AsRightFunction.cpp">
      <Filter>Source Files</Filter>
    </ClCompile>
    <ClCompile Include="AsTimeSystem.cpp">
      <Filter>Source Files</Filter>
    </ClCompile>
    <ClCompile Include="AsVector.cpp">
      <Filter>Source Files</Filter>
    </ClCompile>
  </ItemGroup>
  <ItemGroup>
    <ClInclude Include="Include\AsAttitudeParam.h">
      <Filter>Header Files</Filter>
    </ClInclude>
    <ClInclude Include="Include\AsCommon.h">
      <Filter>Header Files</Filter>
    </ClInclude>
    <ClInclude Include="Include\AsCoordinate.h">
      <Filter>Header Files</Filter>
    </ClInclude>
    <ClInclude Include="Include\AsDResolve.h">
      <Filter>Header Files</Filter>
    </ClInclude>
    <ClInclude Include="Include\AsInterpolation.h">
      <Filter>Header Files</Filter>
    </ClInclude>
    <ClInclude Include="Include\AsMath.h">
      <Filter>Header Files</Filter>
    </ClInclude>
    <ClInclude Include="Include\AsMatrix.h">
      <Filter>Header Files</Filter>
    </ClInclude>
    <ClInclude Include="Include\AsMatrix_Impl.h">
      <Filter>Header Files</Filter>
    </ClInclude>
    <ClInclude Include="Include\AsOrbitParam.h">
      <Filter>Header Files</Filter>
    </ClInclude>
    <ClInclude Include="Include\AsRandom.h">
      <Filter>Header Files</Filter>
    </ClInclude>
    <ClInclude Include="Include\AsRightFunction.h">
      <Filter>Header Files</Filter>
    </ClInclude>
    <ClInclude Include="Include\AsTimeSystem.h">
      <Filter>Header Files</Filter>
    </ClInclude>
    <ClInclude Include="AstroLib.h">
      <Filter>Header Files</Filter>
    </ClInclude>
    <ClInclude Include="Include\AsVector.h">
      <Filter>Header Files</Filter>
    </ClInclude>
  </ItemGroup>
  <ItemGroup>
    <Text Include="AstroLib_ReadMe.txt">
      <Filter>Header Files</Filter>
    </Text>
  </ItemGroup>
</Project>