<?xml version="1.0" encoding="utf-8"?>
<Project ToolsVersion="4.0" xmlns="http://schemas.microsoft.com/developer/msbuild/2003">
  <ItemGroup>
    <Filter Include="Source Files">
      <UniqueIdentifier>{fb381e54-e6ee-444f-87c7-c26bd07ba728}</UniqueIdentifier>
      <Extensions>cpp;c;cxx;rc;def;r;odl;idl;hpj;bat</Extensions>
    </Filter>
    <Filter Include="Header Files">
      <UniqueIdentifier>{af1c9278-c83b-4b59-a9a1-1735fbc3c6aa}</UniqueIdentifier>
      <Extensions>h;hpp;hxx;hm;inl</Extensions>
    </Filter>
    <Filter Include="源文件">
      <UniqueIdentifier>{d67e5173-e6b6-4afe-9c15-f55de9aad894}</UniqueIdentifier>
    </Filter>
  </ItemGroup>
  <ItemGroup>
    <ClInclude Include="Include\AsAttitudeParam.h">
      <Filter>Header Files</Filter>
    </ClInclude>
    <ClInclude Include="Include\AsCommon.h">
      <Filter>Header Files</Filter>
    </ClInclude>
    <ClInclude Include="Include\AsCoordinate.h">
      <Filter>Header Files</Filter>
    </ClInclude>
    <ClInclude Include="Include\AsDResolve.h">
      <Filter>Header Files</Filter>
    </ClInclude>
    <ClInclude Include="Include\AsInterpolation.h">
      <Filter>Header Files</Filter>
    </ClInclude>
    <ClInclude Include="Include\AsMath.h">
      <Filter>Header Files</Filter>
    </ClInclude>
    <ClInclude Include="Include\AsMatrix.h">
      <Filter>Header Files</Filter>
    </ClInclude>
    <ClInclude Include="Include\AsMatrix_Impl.h">
      <Filter>Header Files</Filter>
    </ClInclude>
    <ClInclude Include="Include\AsOrbitParam.h">
      <Filter>Header Files</Filter>
    </ClInclude>
    <ClInclude Include="Include\AsRandom.h">
      <Filter>Header Files</Filter>
    </ClInclude>
    <ClInclude Include="Include\AsRightFunction.h">
      <Filter>Header Files</Filter>
    </ClInclude>
    <ClInclude Include="Include\AsTimeSystem.h">
      <Filter>Header Files</Filter>
    </ClInclude>
    <ClInclude Include="AstroLib.h">
      <Filter>Header Files</Filter>
    </ClInclude>
    <ClInclude Include="Include\AsVector.h">
      <Filter>Header Files</Filter>
    </ClInclude>
    <ClInclude Include="Include\AsOrbit.h">
      <Filter>Header Files</Filter>
    </ClInclude>
    <ClInclude Include="Include\AsAtmosphere.h">
      <Filter>Header Files</Filter>
    </ClInclude>
    <ClInclude Include="Include\AsPlanetProp.h">
      <Filter>Header Files</Filter>
    </ClInclude>
    <ClInclude Include="Include\AsAttitude.h">
      <Filter>Header Files</Filter>
    </ClInclude>
    <ClInclude Include="Include\AsAttitudeParam_2023.h">
      <Filter>Header Files</Filter>
    </ClInclude>
    <ClInclude Include="Include\AsCoordinate_2023.h">
      <Filter>Header Files</Filter>
    </ClInclude>
    <ClInclude Include="Include\AsCoordSystem_2023.h">
      <Filter>Header Files</Filter>
    </ClInclude>
  </ItemGroup>
  <ItemGroup>
    <ClCompile Include="Src\AsAtmosphere.cpp">
      <Filter>Source Files</Filter>
    </ClCompile>
    <ClCompile Include="Src\AsAttitudeParam.cpp">
      <Filter>Source Files</Filter>
    </ClCompile>
    <ClCompile Include="Src\AsCommon.cpp">
      <Filter>Source Files</Filter>
    </ClCompile>
    <ClCompile Include="Src\AsCoordinate.cpp">
      <Filter>Source Files</Filter>
    </ClCompile>
    <ClCompile Include="Src\AsDResolve.cpp">
      <Filter>Source Files</Filter>
    </ClCompile>
    <ClCompile Include="Src\AsInterpolation.cpp">
      <Filter>Source Files</Filter>
    </ClCompile>
    <ClCompile Include="Src\AsMath.cpp">
      <Filter>Source Files</Filter>
    </ClCompile>
    <ClCompile Include="Src\AsMatrix.cpp">
      <Filter>Source Files</Filter>
    </ClCompile>
    <ClCompile Include="Src\AsOrbit.cpp">
      <Filter>Source Files</Filter>
    </ClCompile>
    <ClCompile Include="Src\AsOrbitParam.cpp">
      <Filter>Source Files</Filter>
    </ClCompile>
    <ClCompile Include="Src\AsRandom.cpp">
      <Filter>Source Files</Filter>
    </ClCompile>
    <ClCompile Include="Src\AsRightFunction.cpp">
      <Filter>Source Files</Filter>
    </ClCompile>
    <ClCompile Include="Src\AsTimeSystem.cpp">
      <Filter>Source Files</Filter>
    </ClCompile>
    <ClCompile Include="Src\AsVector.cpp">
      <Filter>Source Files</Filter>
    </ClCompile>
    <ClCompile Include="Src\AsPlanetProp.cpp">
      <Filter>Source Files</Filter>
    </ClCompile>
    <ClCompile Include="Src\AsAttitude.cpp">
      <Filter>Source Files</Filter>
    </ClCompile>
    <ClCompile Include="Src\AsAttitudeParam_2023.cpp">
      <Filter>Source Files</Filter>
    </ClCompile>
    <ClCompile Include="Src\AsCoordinate_2023.cpp">
      <Filter>Source Files</Filter>
    </ClCompile>
    <ClCompile Include="Src\AsCoordSystem_2023.cpp">
      <Filter>Source Files</Filter>
    </ClCompile>
  </ItemGroup>
  <ItemGroup>
    <Text Include="AstroLib_ReadMe.txt" />
  </ItemGroup>
</Project>