<?xml version="1.0" encoding="utf-8"?>
<Project ToolsVersion="4.0" xmlns="http://schemas.microsoft.com/developer/msbuild/2003">
  <ItemGroup>
    <ClCompile Include="Src\ExampleAttitude.cpp">
      <Filter>Source Files</Filter>
    </ClCompile>
    <ClCompile Include="Src\ExampleMath.cpp">
      <Filter>Source Files</Filter>
    </ClCompile>
    <ClCompile Include="Src\ExampleODEResolve.cpp">
      <Filter>Source Files</Filter>
    </ClCompile>
    <ClCompile Include="Src\ExampleOrbElemConv.cpp">
      <Filter>Source Files</Filter>
    </ClCompile>
    <ClCompile Include="Src\ExampleOrbProp.cpp">
      <Filter>Source Files</Filter>
    </ClCompile>
    <ClCompile Include="AstroLibExamples.cpp">
      <Filter>Source Files</Filter>
    </ClCompile>
  </ItemGroup>
  <ItemGroup>
    <ClInclude Include="AstroLib.h" />
    <ClInclude Include="Src\ExampleAttitude.h">
      <Filter>Header Files</Filter>
    </ClInclude>
    <ClInclude Include="Src\ExampleMath.h">
      <Filter>Header Files</Filter>
    </ClInclude>
    <ClInclude Include="Src\ExampleODEResolve.h">
      <Filter>Header Files</Filter>
    </ClInclude>
    <ClInclude Include="Src\ExampleOrbElemConv.h">
      <Filter>Header Files</Filter>
    </ClInclude>
    <ClInclude Include="Src\ExampleOrbProp.h">
      <Filter>Header Files</Filter>
    </ClInclude>
    <ClInclude Include="AstroLibExamples.h">
      <Filter>Header Files</Filter>
    </ClInclude>
  </ItemGroup>
  <ItemGroup>
    <Text Include="ReadMe.txt" />
  </ItemGroup>
  <ItemGroup>
    <Filter Include="Header Files">
      <UniqueIdentifier>{e39009d5-122b-452e-bfac-d5f5222a5ca0}</UniqueIdentifier>
      <Extensions>h;hpp;hxx;hm;inl</Extensions>
    </Filter>
    <Filter Include="Source Files">
      <UniqueIdentifier>{29018bbc-b339-4779-872a-9101ac483ca3}</UniqueIdentifier>
      <Extensions>cpp;c;cxx;rc;def;r;odl;idl;hpj;bat</Extensions>
    </Filter>
  </ItemGroup>
</Project>